
Microsoft Visual Studio Solution File, Format Version 12.00
# Visual Studio Version 17
VisualStudioVersion = 17.12.35521.163
MinimumVisualStudioVersion = 10.0.40219.1
Project("{FAE04EC0-301F-11D3-BF4B-00C04F79EFBC}") = "Factory-Method", "Factory-Method\Factory-Method.csproj", "{633D0159-8AB0-4544-AB4D-A5CB7E53E197}"
EndProject
Project("{FAE04EC0-301F-11D3-BF4B-00C04F79EFBC}") = "Abstract-Factory", "Abstract-Factory\Abstract-Factory.csproj", "{8B25A743-2F8E-4E59-9907-A50D716E6AE2}"
EndProject
Project("{FAE04EC0-301F-11D3-BF4B-00C04F79EFBC}") = "Builder", "Builder\Builder.csproj", "{9D39A324-BA76-430E-8628-0FA274553557}"
EndProject
Project("{FAE04EC0-301F-11D3-BF4B-00C04F79EFBC}") = "Prototype", "Prototype\Prototype.csproj", "{F96296FB-EA51-4FDD-8FBE-1B5BC8EE7FF1}"
EndProject
Project("{FAE04EC0-301F-11D3-BF4B-00C04F79EFBC}") = "Singleton", "Singleton\Singleton.csproj", "{52795D64-7BA6-4FA5-8DE1-D879C51966BC}"
EndProject
Project("{2150E333-8FDC-42A3-9474-1A3956D46DE8}") = "Creational", "Creational", "{D20A83BC-EEE7-4C16-AF20-39B130149FA3}"
EndProject
Project("{2150E333-8FDC-42A3-9474-1A3956D46DE8}") = "Structural", "Structural", "{1B861196-001F-4C09-B7E2-8C2D64745E29}"
EndProject
Project("{FAE04EC0-301F-11D3-BF4B-00C04F79EFBC}") = "Adapter", "Adapter\Adapter.csproj", "{E14F3FA1-1459-4A8D-BE7B-04A07CF47423}"
EndProject
Project("{FAE04EC0-301F-11D3-BF4B-00C04F79EFBC}") = "Decorator", "Decorator\Decorator.csproj", "{A84DC2EF-E3F6-4E5B-A77D-13126593F3A5}"
EndProject
Project("{FAE04EC0-301F-11D3-BF4B-00C04F79EFBC}") = "Facade", "Facade\Facade.csproj", "{AB9E6195-F7DA-4A64-A5DB-12FDD9A7C2B9}"
EndProject
Project("{FAE04EC0-301F-11D3-BF4B-00C04F79EFBC}") = "Proxy", "Proxy\Proxy.csproj", "{5832FC40-E075-4A10-A0A8-107D88E5BE2E}"
EndProject
Project("{FAE04EC0-301F-11D3-BF4B-00C04F79EFBC}") = "Composite", "Composite\Composite.csproj", "{8947A6C8-48F0-4D21-90A5-14C1E23DBC64}"
EndProject
Project("{FAE04EC0-301F-11D3-BF4B-00C04F79EFBC}") = "Bridge", "Bridge\Bridge.csproj", "{4E4FEDF3-87C4-4B41-9A0D-C25B457E7F35}"
EndProject
Project("{FAE04EC0-301F-11D3-BF4B-00C04F79EFBC}") = "Flyweight", "Flyweight\Flyweight.csproj", "{97AD824A-B265-4BCF-98EE-A5536343D276}"
EndProject
Project("{2150E333-8FDC-42A3-9474-1A3956D46DE8}") = "Behavioral", "Behavioral", "{483480EE-E37C-4CC2-894A-C30ABE6E3257}"
EndProject
Project("{FAE04EC0-301F-11D3-BF4B-00C04F79EFBC}") = "Chain-Of-Responsibility", "Chain-Of-Responsibility\Chain-Of-Responsibility.csproj", "{236A9FD8-85D2-4687-9666-5D657D75FD89}"
EndProject
Project("{FAE04EC0-301F-11D3-BF4B-00C04F79EFBC}") = "Command", "Command\Command.csproj", "{530BEE9D-7417-4E81-B25A-6C46BEA2E23C}"
EndProject
Project("{FAE04EC0-301F-11D3-BF4B-00C04F79EFBC}") = "Iterator", "Iterator\Iterator.csproj", "{E43293B9-E283-4331-980F-7300AA90529B}"
EndProject
Project("{FAE04EC0-301F-11D3-BF4B-00C04F79EFBC}") = "Mediator", "Mediator\Mediator.csproj", "{E24246BE-94A8-4D41-AD09-CBAD62D86EAE}"
EndProject
Project("{FAE04EC0-301F-11D3-BF4B-00C04F79EFBC}") = "Memento", "Memento\Memento.csproj", "{A201DFE2-161F-4078-90AB-BD11685B7D2B}"
EndProject
Project("{FAE04EC0-301F-11D3-BF4B-00C04F79EFBC}") = "Observer", "Observer\Observer.csproj", "{9283CEED-5A98-4AC7-8467-C25977C8C479}"
EndProject
Global
	GlobalSection(SolutionConfigurationPlatforms) = preSolution
		Debug|Any CPU = Debug|Any CPU
		Release|Any CPU = Release|Any CPU
	EndGlobalSection
	GlobalSection(ProjectConfigurationPlatforms) = postSolution
		{633D0159-8AB0-4544-AB4D-A5CB7E53E197}.Debug|Any CPU.ActiveCfg = Debug|Any CPU
		{633D0159-8AB0-4544-AB4D-A5CB7E53E197}.Debug|Any CPU.Build.0 = Debug|Any CPU
		{633D0159-8AB0-4544-AB4D-A5CB7E53E197}.Release|Any CPU.ActiveCfg = Release|Any CPU
		{633D0159-8AB0-4544-AB4D-A5CB7E53E197}.Release|Any CPU.Build.0 = Release|Any CPU
		{8B25A743-2F8E-4E59-9907-A50D716E6AE2}.Debug|Any CPU.ActiveCfg = Debug|Any CPU
		{8B25A743-2F8E-4E59-9907-A50D716E6AE2}.Debug|Any CPU.Build.0 = Debug|Any CPU
		{8B25A743-2F8E-4E59-9907-A50D716E6AE2}.Release|Any CPU.ActiveCfg = Release|Any CPU
		{8B25A743-2F8E-4E59-9907-A50D716E6AE2}.Release|Any CPU.Build.0 = Release|Any CPU
		{9D39A324-BA76-430E-8628-0FA274553557}.Debug|Any CPU.ActiveCfg = Debug|Any CPU
		{9D39A324-BA76-430E-8628-0FA274553557}.Debug|Any CPU.Build.0 = Debug|Any CPU
		{9D39A324-BA76-430E-8628-0FA274553557}.Release|Any CPU.ActiveCfg = Release|Any CPU
		{9D39A324-BA76-430E-8628-0FA274553557}.Release|Any CPU.Build.0 = Release|Any CPU
		{F96296FB-EA51-4FDD-8FBE-1B5BC8EE7FF1}.Debug|Any CPU.ActiveCfg = Debug|Any CPU
		{F96296FB-EA51-4FDD-8FBE-1B5BC8EE7FF1}.Debug|Any CPU.Build.0 = Debug|Any CPU
		{F96296FB-EA51-4FDD-8FBE-1B5BC8EE7FF1}.Release|Any CPU.ActiveCfg = Release|Any CPU
		{F96296FB-EA51-4FDD-8FBE-1B5BC8EE7FF1}.Release|Any CPU.Build.0 = Release|Any CPU
		{52795D64-7BA6-4FA5-8DE1-D879C51966BC}.Debug|Any CPU.ActiveCfg = Debug|Any CPU
		{52795D64-7BA6-4FA5-8DE1-D879C51966BC}.Debug|Any CPU.Build.0 = Debug|Any CPU
		{52795D64-7BA6-4FA5-8DE1-D879C51966BC}.Release|Any CPU.ActiveCfg = Release|Any CPU
		{52795D64-7BA6-4FA5-8DE1-D879C51966BC}.Release|Any CPU.Build.0 = Release|Any CPU
		{E14F3FA1-1459-4A8D-BE7B-04A07CF47423}.Debug|Any CPU.ActiveCfg = Debug|Any CPU
		{E14F3FA1-1459-4A8D-BE7B-04A07CF47423}.Debug|Any CPU.Build.0 = Debug|Any CPU
		{E14F3FA1-1459-4A8D-BE7B-04A07CF47423}.Release|Any CPU.ActiveCfg = Release|Any CPU
		{E14F3FA1-1459-4A8D-BE7B-04A07CF47423}.Release|Any CPU.Build.0 = Release|Any CPU
		{A84DC2EF-E3F6-4E5B-A77D-13126593F3A5}.Debug|Any CPU.ActiveCfg = Debug|Any CPU
		{A84DC2EF-E3F6-4E5B-A77D-13126593F3A5}.Debug|Any CPU.Build.0 = Debug|Any CPU
		{A84DC2EF-E3F6-4E5B-A77D-13126593F3A5}.Release|Any CPU.ActiveCfg = Release|Any CPU
		{A84DC2EF-E3F6-4E5B-A77D-13126593F3A5}.Release|Any CPU.Build.0 = Release|Any CPU
		{AB9E6195-F7DA-4A64-A5DB-12FDD9A7C2B9}.Debug|Any CPU.ActiveCfg = Debug|Any CPU
		{AB9E6195-F7DA-4A64-A5DB-12FDD9A7C2B9}.Debug|Any CPU.Build.0 = Debug|Any CPU
		{AB9E6195-F7DA-4A64-A5DB-12FDD9A7C2B9}.Release|Any CPU.ActiveCfg = Release|Any CPU
		{AB9E6195-F7DA-4A64-A5DB-12FDD9A7C2B9}.Release|Any CPU.Build.0 = Release|Any CPU
		{5832FC40-E075-4A10-A0A8-107D88E5BE2E}.Debug|Any CPU.ActiveCfg = Debug|Any CPU
		{5832FC40-E075-4A10-A0A8-107D88E5BE2E}.Debug|Any CPU.Build.0 = Debug|Any CPU
		{5832FC40-E075-4A10-A0A8-107D88E5BE2E}.Release|Any CPU.ActiveCfg = Release|Any CPU
		{5832FC40-E075-4A10-A0A8-107D88E5BE2E}.Release|Any CPU.Build.0 = Release|Any CPU
		{8947A6C8-48F0-4D21-90A5-14C1E23DBC64}.Debug|Any CPU.ActiveCfg = Debug|Any CPU
		{8947A6C8-48F0-4D21-90A5-14C1E23DBC64}.Debug|Any CPU.Build.0 = Debug|Any CPU
		{8947A6C8-48F0-4D21-90A5-14C1E23DBC64}.Release|Any CPU.ActiveCfg = Release|Any CPU
		{8947A6C8-48F0-4D21-90A5-14C1E23DBC64}.Release|Any CPU.Build.0 = Release|Any CPU
		{4E4FEDF3-87C4-4B41-9A0D-C25B457E7F35}.Debug|Any CPU.ActiveCfg = Debug|Any CPU
		{4E4FEDF3-87C4-4B41-9A0D-C25B457E7F35}.Debug|Any CPU.Build.0 = Debug|Any CPU
		{4E4FEDF3-87C4-4B41-9A0D-C25B457E7F35}.Release|Any CPU.ActiveCfg = Release|Any CPU
		{4E4FEDF3-87C4-4B41-9A0D-C25B457E7F35}.Release|Any CPU.Build.0 = Release|Any CPU
		{97AD824A-B265-4BCF-98EE-A5536343D276}.Debug|Any CPU.ActiveCfg = Debug|Any CPU
		{97AD824A-B265-4BCF-98EE-A5536343D276}.Debug|Any CPU.Build.0 = Debug|Any CPU
		{97AD824A-B265-4BCF-98EE-A5536343D276}.Release|Any CPU.ActiveCfg = Release|Any CPU
		{97AD824A-B265-4BCF-98EE-A5536343D276}.Release|Any CPU.Build.0 = Release|Any CPU
		{236A9FD8-85D2-4687-9666-5D657D75FD89}.Debug|Any CPU.ActiveCfg = Debug|Any CPU
		{236A9FD8-85D2-4687-9666-5D657D75FD89}.Debug|Any CPU.Build.0 = Debug|Any CPU
		{236A9FD8-85D2-4687-9666-5D657D75FD89}.Release|Any CPU.ActiveCfg = Release|Any CPU
		{236A9FD8-85D2-4687-9666-5D657D75FD89}.Release|Any CPU.Build.0 = Release|Any CPU
		{530BEE9D-7417-4E81-B25A-6C46BEA2E23C}.Debug|Any CPU.ActiveCfg = Debug|Any CPU
		{530BEE9D-7417-4E81-B25A-6C46BEA2E23C}.Debug|Any CPU.Build.0 = Debug|Any CPU
		{530BEE9D-7417-4E81-B25A-6C46BEA2E23C}.Release|Any CPU.ActiveCfg = Release|Any CPU
		{530BEE9D-7417-4E81-B25A-6C46BEA2E23C}.Release|Any CPU.Build.0 = Release|Any CPU
		{E43293B9-E283-4331-980F-7300AA90529B}.Debug|Any CPU.ActiveCfg = Debug|Any CPU
		{E43293B9-E283-4331-980F-7300AA90529B}.Debug|Any CPU.Build.0 = Debug|Any CPU
		{E43293B9-E283-4331-980F-7300AA90529B}.Release|Any CPU.ActiveCfg = Release|Any CPU
		{E43293B9-E283-4331-980F-7300AA90529B}.Release|Any CPU.Build.0 = Release|Any CPU
		{E24246BE-94A8-4D41-AD09-CBAD62D86EAE}.Debug|Any CPU.ActiveCfg = Debug|Any CPU
		{E24246BE-94A8-4D41-AD09-CBAD62D86EAE}.Debug|Any CPU.Build.0 = Debug|Any CPU
		{E24246BE-94A8-4D41-AD09-CBAD62D86EAE}.Release|Any CPU.ActiveCfg = Release|Any CPU
		{E24246BE-94A8-4D41-AD09-CBAD62D86EAE}.Release|Any CPU.Build.0 = Release|Any CPU
		{A201DFE2-161F-4078-90AB-BD11685B7D2B}.Debug|Any CPU.ActiveCfg = Debug|Any CPU
		{A201DFE2-161F-4078-90AB-BD11685B7D2B}.Debug|Any CPU.Build.0 = Debug|Any CPU
		{A201DFE2-161F-4078-90AB-BD11685B7D2B}.Release|Any CPU.ActiveCfg = Release|Any CPU
		{A201DFE2-161F-4078-90AB-BD11685B7D2B}.Release|Any CPU.Build.0 = Release|Any CPU
		{9283CEED-5A98-4AC7-8467-C25977C8C479}.Debug|Any CPU.ActiveCfg = Debug|Any CPU
		{9283CEED-5A98-4AC7-8467-C25977C8C479}.Debug|Any CPU.Build.0 = Debug|Any CPU
		{9283CEED-5A98-4AC7-8467-C25977C8C479}.Release|Any CPU.ActiveCfg = Release|Any CPU
		{9283CEED-5A98-4AC7-8467-C25977C8C479}.Release|Any CPU.Build.0 = Release|Any CPU
	EndGlobalSection
	GlobalSection(SolutionProperties) = preSolution
		HideSolutionNode = FALSE
	EndGlobalSection
	GlobalSection(NestedProjects) = preSolution
		{633D0159-8AB0-4544-AB4D-A5CB7E53E197} = {D20A83BC-EEE7-4C16-AF20-39B130149FA3}
		{8B25A743-2F8E-4E59-9907-A50D716E6AE2} = {D20A83BC-EEE7-4C16-AF20-39B130149FA3}
		{9D39A324-BA76-430E-8628-0FA274553557} = {D20A83BC-EEE7-4C16-AF20-39B130149FA3}
		{F96296FB-EA51-4FDD-8FBE-1B5BC8EE7FF1} = {D20A83BC-EEE7-4C16-AF20-39B130149FA3}
		{52795D64-7BA6-4FA5-8DE1-D879C51966BC} = {D20A83BC-EEE7-4C16-AF20-39B130149FA3}
		{E14F3FA1-1459-4A8D-BE7B-04A07CF47423} = {1B861196-001F-4C09-B7E2-8C2D64745E29}
		{A84DC2EF-E3F6-4E5B-A77D-13126593F3A5} = {1B861196-001F-4C09-B7E2-8C2D64745E29}
		{AB9E6195-F7DA-4A64-A5DB-12FDD9A7C2B9} = {1B861196-001F-4C09-B7E2-8C2D64745E29}
		{5832FC40-E075-4A10-A0A8-107D88E5BE2E} = {1B861196-001F-4C09-B7E2-8C2D64745E29}
		{8947A6C8-48F0-4D21-90A5-14C1E23DBC64} = {1B861196-001F-4C09-B7E2-8C2D64745E29}
		{4E4FEDF3-87C4-4B41-9A0D-C25B457E7F35} = {1B861196-001F-4C09-B7E2-8C2D64745E29}
		{97AD824A-B265-4BCF-98EE-A5536343D276} = {1B861196-001F-4C09-B7E2-8C2D64745E29}
		{236A9FD8-85D2-4687-9666-5D657D75FD89} = {483480EE-E37C-4CC2-894A-C30ABE6E3257}
		{530BEE9D-7417-4E81-B25A-6C46BEA2E23C} = {483480EE-E37C-4CC2-894A-C30ABE6E3257}
		{E43293B9-E283-4331-980F-7300AA90529B} = {483480EE-E37C-4CC2-894A-C30ABE6E3257}
		{E24246BE-94A8-4D41-AD09-CBAD62D86EAE} = {483480EE-E37C-4CC2-894A-C30ABE6E3257}
		{A201DFE2-161F-4078-90AB-BD11685B7D2B} = {483480EE-E37C-4CC2-894A-C30ABE6E3257}
		{9283CEED-5A98-4AC7-8467-C25977C8C479} = {483480EE-E37C-4CC2-894A-C30ABE6E3257}
	EndGlobalSection
EndGlobal
